
Microsoft Visual Studio Solution File, Format Version 12.00
# Visual Studio Version 17
VisualStudioVersion = 17.4.33205.214
MinimumVisualStudioVersion = 10.0.40219.1
Project("{FAE04EC0-301F-11D3-BF4B-00C04F79EFBC}") = "LibraryOfMedicine", "LibraryOfMedicine\LibraryOfMedicine.csproj", "{B01F9AC9-83AF-42D8-94E2-A67F8875E004}"
EndProject
Global
	GlobalSection(SolutionConfigurationPlatforms) = preSolution
		Debug|Any CPU = Debug|Any CPU
		Release|Any CPU = Release|Any CPU
	EndGlobalSection
	GlobalSection(ProjectConfigurationPlatforms) = postSolution
		{B01F9AC9-83AF-42D8-94E2-A67F8875E004}.Debug|Any CPU.ActiveCfg = Debug|Any CPU
		{B01F9AC9-83AF-42D8-94E2-A67F8875E004}.Debug|Any CPU.Build.0 = Debug|Any CPU
		{B01F9AC9-83AF-42D8-94E2-A67F8875E004}.Release|Any CPU.ActiveCfg = Release|Any CPU
		{B01F9AC9-83AF-42D8-94E2-A67F8875E004}.Release|Any CPU.Build.0 = Release|Any CPU
	EndGlobalSection
	GlobalSection(SolutionProperties) = preSolution
		HideSolutionNode = FALSE
	EndGlobalSection
	GlobalSection(ExtensibilityGlobals) = postSolution
		SolutionGuid = {F54FB038-61C0-4D19-B3AC-1411C3560FF5}
	EndGlobalSection
EndGlobal
